
Microsoft Visual Studio Solution File, Format Version 12.00
# Visual Studio Version 17
VisualStudioVersion = 17.7.34202.233
MinimumVisualStudioVersion = 10.0.40219.1
Project("{FAE04EC0-301F-11D3-BF4B-00C04F79EFBC}") = "Test.API", "Test.API\Test.API.csproj", "{E15D0E6E-DC40-47ED-8F47-E1317EE1B73B}"
EndProject
Project("{2150E333-8FDC-42A3-9474-1A3956D46DE8}") = "01. API Service", "01. API Service", "{10593CCA-6B2E-4C2C-817A-52BECEE7CCB8}"
EndProject
Project("{2150E333-8FDC-42A3-9474-1A3956D46DE8}") = "02. BusinessCore", "02. BusinessCore", "{0F713939-681E-4C7E-97F5-5C3D95122AC4}"
EndProject
Project("{2150E333-8FDC-42A3-9474-1A3956D46DE8}") = "03. Data", "03. Data", "{FDFE7845-25C8-4337-B8B0-E18FCBE0B265}"
EndProject
Project("{2150E333-8FDC-42A3-9474-1A3956D46DE8}") = "04. Common", "04. Common", "{2FC13F94-04FD-4CB9-A8D2-1B81461779E2}"
EndProject
Project("{2150E333-8FDC-42A3-9474-1A3956D46DE8}") = "05. UnitTest", "05. UnitTest", "{DF3E4D18-0763-47EE-A0AD-507490ED93FC}"
EndProject
Project("{FAE04EC0-301F-11D3-BF4B-00C04F79EFBC}") = "DataConnect", "DataConnect\DataConnect.csproj", "{1A338B62-1742-4331-803E-3EFA2C69687C}"
EndProject
Project("{FAE04EC0-301F-11D3-BF4B-00C04F79EFBC}") = "DataLayer", "DataLayer\DataLayer.csproj", "{CA5F271F-391C-45BA-8515-E736962D2673}"
EndProject
Project("{FAE04EC0-301F-11D3-BF4B-00C04F79EFBC}") = "EntitiesLayer", "EntitiesLayer\EntitiesLayer.csproj", "{8294FB9F-C420-4452-BEBA-A3F13BECB95D}"
EndProject
Project("{FAE04EC0-301F-11D3-BF4B-00C04F79EFBC}") = "ServicesLayer", "ServicesLayer\ServicesLayer.csproj", "{B8C4BF6F-F2F1-42AE-87F7-221B97D066D0}"
EndProject
Project("{FAE04EC0-301F-11D3-BF4B-00C04F79EFBC}") = "Utilities", "Utilities\Utilities.csproj", "{9943E1BA-97B4-43A5-8D7B-2B7CAA6450A8}"
EndProject
Project("{FAE04EC0-301F-11D3-BF4B-00C04F79EFBC}") = "BusinessLayer", "BusinessLayer\BusinessLayer.csproj", "{7CF7B82B-3C5E-4415-A938-C7B1350006EF}"
EndProject
Global
	GlobalSection(SolutionConfigurationPlatforms) = preSolution
		Debug|Any CPU = Debug|Any CPU
		Release|Any CPU = Release|Any CPU
	EndGlobalSection
	GlobalSection(ProjectConfigurationPlatforms) = postSolution
		{E15D0E6E-DC40-47ED-8F47-E1317EE1B73B}.Debug|Any CPU.ActiveCfg = Debug|Any CPU
		{E15D0E6E-DC40-47ED-8F47-E1317EE1B73B}.Debug|Any CPU.Build.0 = Debug|Any CPU
		{E15D0E6E-DC40-47ED-8F47-E1317EE1B73B}.Release|Any CPU.ActiveCfg = Release|Any CPU
		{E15D0E6E-DC40-47ED-8F47-E1317EE1B73B}.Release|Any CPU.Build.0 = Release|Any CPU
		{1A338B62-1742-4331-803E-3EFA2C69687C}.Debug|Any CPU.ActiveCfg = Debug|Any CPU
		{1A338B62-1742-4331-803E-3EFA2C69687C}.Debug|Any CPU.Build.0 = Debug|Any CPU
		{1A338B62-1742-4331-803E-3EFA2C69687C}.Release|Any CPU.ActiveCfg = Release|Any CPU
		{1A338B62-1742-4331-803E-3EFA2C69687C}.Release|Any CPU.Build.0 = Release|Any CPU
		{CA5F271F-391C-45BA-8515-E736962D2673}.Debug|Any CPU.ActiveCfg = Debug|Any CPU
		{CA5F271F-391C-45BA-8515-E736962D2673}.Debug|Any CPU.Build.0 = Debug|Any CPU
		{CA5F271F-391C-45BA-8515-E736962D2673}.Release|Any CPU.ActiveCfg = Release|Any CPU
		{CA5F271F-391C-45BA-8515-E736962D2673}.Release|Any CPU.Build.0 = Release|Any CPU
		{8294FB9F-C420-4452-BEBA-A3F13BECB95D}.Debug|Any CPU.ActiveCfg = Debug|Any CPU
		{8294FB9F-C420-4452-BEBA-A3F13BECB95D}.Debug|Any CPU.Build.0 = Debug|Any CPU
		{8294FB9F-C420-4452-BEBA-A3F13BECB95D}.Release|Any CPU.ActiveCfg = Release|Any CPU
		{8294FB9F-C420-4452-BEBA-A3F13BECB95D}.Release|Any CPU.Build.0 = Release|Any CPU
		{B8C4BF6F-F2F1-42AE-87F7-221B97D066D0}.Debug|Any CPU.ActiveCfg = Debug|Any CPU
		{B8C4BF6F-F2F1-42AE-87F7-221B97D066D0}.Debug|Any CPU.Build.0 = Debug|Any CPU
		{B8C4BF6F-F2F1-42AE-87F7-221B97D066D0}.Release|Any CPU.ActiveCfg = Release|Any CPU
		{B8C4BF6F-F2F1-42AE-87F7-221B97D066D0}.Release|Any CPU.Build.0 = Release|Any CPU
		{9943E1BA-97B4-43A5-8D7B-2B7CAA6450A8}.Debug|Any CPU.ActiveCfg = Debug|Any CPU
		{9943E1BA-97B4-43A5-8D7B-2B7CAA6450A8}.Debug|Any CPU.Build.0 = Debug|Any CPU
		{9943E1BA-97B4-43A5-8D7B-2B7CAA6450A8}.Release|Any CPU.ActiveCfg = Release|Any CPU
		{9943E1BA-97B4-43A5-8D7B-2B7CAA6450A8}.Release|Any CPU.Build.0 = Release|Any CPU
		{7CF7B82B-3C5E-4415-A938-C7B1350006EF}.Debug|Any CPU.ActiveCfg = Debug|Any CPU
		{7CF7B82B-3C5E-4415-A938-C7B1350006EF}.Debug|Any CPU.Build.0 = Debug|Any CPU
		{7CF7B82B-3C5E-4415-A938-C7B1350006EF}.Release|Any CPU.ActiveCfg = Release|Any CPU
		{7CF7B82B-3C5E-4415-A938-C7B1350006EF}.Release|Any CPU.Build.0 = Release|Any CPU
	EndGlobalSection
	GlobalSection(SolutionProperties) = preSolution
		HideSolutionNode = FALSE
	EndGlobalSection
	GlobalSection(NestedProjects) = preSolution
		{E15D0E6E-DC40-47ED-8F47-E1317EE1B73B} = {10593CCA-6B2E-4C2C-817A-52BECEE7CCB8}
		{1A338B62-1742-4331-803E-3EFA2C69687C} = {FDFE7845-25C8-4337-B8B0-E18FCBE0B265}
		{CA5F271F-391C-45BA-8515-E736962D2673} = {FDFE7845-25C8-4337-B8B0-E18FCBE0B265}
		{8294FB9F-C420-4452-BEBA-A3F13BECB95D} = {FDFE7845-25C8-4337-B8B0-E18FCBE0B265}
		{B8C4BF6F-F2F1-42AE-87F7-221B97D066D0} = {FDFE7845-25C8-4337-B8B0-E18FCBE0B265}
		{9943E1BA-97B4-43A5-8D7B-2B7CAA6450A8} = {2FC13F94-04FD-4CB9-A8D2-1B81461779E2}
		{7CF7B82B-3C5E-4415-A938-C7B1350006EF} = {0F713939-681E-4C7E-97F5-5C3D95122AC4}
	EndGlobalSection
	GlobalSection(ExtensibilityGlobals) = postSolution
		SolutionGuid = {9FDCD6A1-F4D2-4E47-B7DB-D52856035CFE}
	EndGlobalSection
EndGlobal
